Microsoft Visual Studio Solution File, Format Version 12.00
# Visual Studio Version 17
VisualStudioVersion = 17.5.2.0
MinimumVisualStudioVersion = 10.0.40219.1
Project("{FAE04EC0-301F-11D3-BF4B-00C04F79EFBC}") = "AppEditorHTML", "AppEditorHTML.csproj", "{6FD9B579-9686-B881-8978-622A38AEA6EB}"
EndProject
Global
	GlobalSection(SolutionConfigurationPlatforms) = preSolution
		Debug|Any CPU = Debug|Any CPU
		Release|Any CPU = Release|Any CPU
	EndGlobalSection
	GlobalSection(ProjectConfigurationPlatforms) = postSolution
		{6FD9B579-9686-B881-8978-622A38AEA6EB}.Debug|Any CPU.ActiveCfg = Debug|Any CPU
		{6FD9B579-9686-B881-8978-622A38AEA6EB}.Debug|Any CPU.Build.0 = Debug|Any CPU
		{6FD9B579-9686-B881-8978-622A38AEA6EB}.Release|Any CPU.ActiveCfg = Release|Any CPU
		{6FD9B579-9686-B881-8978-622A38AEA6EB}.Release|Any CPU.Build.0 = Release|Any CPU
	EndGlobalSection
	GlobalSection(SolutionProperties) = preSolution
		HideSolutionNode = FALSE
	EndGlobalSection
	GlobalSection(ExtensibilityGlobals) = postSolution
		SolutionGuid = {E4C43EE9-A723-4856-9092-522CF25DB3AD}
	EndGlobalSection
EndGlobal
